
Microsoft Visual Studio Solution File, Format Version 12.00
# Visual Studio Version 17
VisualStudioVersion = 17.5.33516.290
MinimumVisualStudioVersion = 10.0.40219.1
Project("{9A19103F-16F7-4668-BE54-9A1E7A4F7556}") = "UserBackend", "UserBackend\UserBackend.csproj", "{B688F3B6-BDD2-46F9-A65A-788F435A6F67}"
EndProject
Project("{FAE04EC0-301F-11D3-BF4B-00C04F79EFBC}") = "Sandbox", "Sandbox\Sandbox.csproj", "{257A967E-40E4-4C89-B5B2-F761A16CFD9A}"
EndProject
Global
	GlobalSection(SolutionConfigurationPlatforms) = preSolution
		Debug|Any CPU = Debug|Any CPU
		Release|Any CPU = Release|Any CPU
	EndGlobalSection
	GlobalSection(ProjectConfigurationPlatforms) = postSolution
		{B688F3B6-BDD2-46F9-A65A-788F435A6F67}.Debug|Any CPU.ActiveCfg = Debug|Any CPU
		{B688F3B6-BDD2-46F9-A65A-788F435A6F67}.Debug|Any CPU.Build.0 = Debug|Any CPU
		{B688F3B6-BDD2-46F9-A65A-788F435A6F67}.Release|Any CPU.ActiveCfg = Release|Any CPU
		{B688F3B6-BDD2-46F9-A65A-788F435A6F67}.Release|Any CPU.Build.0 = Release|Any CPU
		{257A967E-40E4-4C89-B5B2-F761A16CFD9A}.Debug|Any CPU.ActiveCfg = Debug|Any CPU
		{257A967E-40E4-4C89-B5B2-F761A16CFD9A}.Debug|Any CPU.Build.0 = Debug|Any CPU
		{257A967E-40E4-4C89-B5B2-F761A16CFD9A}.Release|Any CPU.ActiveCfg = Release|Any CPU
		{257A967E-40E4-4C89-B5B2-F761A16CFD9A}.Release|Any CPU.Build.0 = Release|Any CPU
	EndGlobalSection
	GlobalSection(SolutionProperties) = preSolution
		HideSolutionNode = FALSE
	EndGlobalSection
	GlobalSection(ExtensibilityGlobals) = postSolution
		SolutionGuid = {0D6F4D80-1AB4-461D-A86C-6C70E007774C}
	EndGlobalSection
EndGlobal
